
Microsoft Visual Studio Solution File, Format Version 12.00
# Visual Studio Version 17
VisualStudioVersion = 17.13.35806.99 d17.13
MinimumVisualStudioVersion = 10.0.40219.1
Project("{FAE04EC0-301F-11D3-BF4B-00C04F79EFBC}") = "ContosoPizza", "ContosoPizza\ContosoPizza.csproj", "{FB30F72A-8FEC-4168-BF70-EDD1DFCEDDFF}"
EndProject
Global
	GlobalSection(SolutionConfigurationPlatforms) = preSolution
		Debug|Any CPU = Debug|Any CPU
		Release|Any CPU = Release|Any CPU
	EndGlobalSection
	GlobalSection(ProjectConfigurationPlatforms) = postSolution
		{FB30F72A-8FEC-4168-BF70-EDD1DFCEDDFF}.Debug|Any CPU.ActiveCfg = Debug|Any CPU
		{FB30F72A-8FEC-4168-BF70-EDD1DFCEDDFF}.Debug|Any CPU.Build.0 = Debug|Any CPU
		{FB30F72A-8FEC-4168-BF70-EDD1DFCEDDFF}.Release|Any CPU.ActiveCfg = Release|Any CPU
		{FB30F72A-8FEC-4168-BF70-EDD1DFCEDDFF}.Release|Any CPU.Build.0 = Release|Any CPU
	EndGlobalSection
	GlobalSection(SolutionProperties) = preSolution
		HideSolutionNode = FALSE
	EndGlobalSection
	GlobalSection(ExtensibilityGlobals) = postSolution
		SolutionGuid = {5B99C8DB-6649-40B3-B129-1555493D4557}
	EndGlobalSection
EndGlobal
